<?xml version="1.0" encoding="utf-8"?>
<Project ToolsVersion="4.0" xmlns="http://schemas.microsoft.com/developer/msbuild/2003">
  <ItemGroup>
    <Filter Include="源文件">
      <UniqueIdentifier>{4FC737F1-C7A5-4376-A066-2A32D752A2FF}</UniqueIdentifier>
      <Extensions>cpp;c;cc;cxx;def;odl;idl;hpj;bat;asm;asmx</Extensions>
    </Filter>
    <Filter Include="头文件">
      <UniqueIdentifier>{93995380-89BD-4b04-88EB-625FBE52EBFB}</UniqueIdentifier>
      <Extensions>h;hh;hpp;hxx;hm;inl;inc;xsd</Extensions>
    </Filter>
    <Filter Include="资源文件">
      <UniqueIdentifier>{67DA6AB6-F800-4c08-8B7A-83BB121AAD01}</UniqueIdentifier>
      <Extensions>rc;ico;cur;bmp;dlg;rc2;rct;bin;rgs;gif;jpg;jpeg;jpe;resx;tiff;tif;png;wav;mfcribbon-ms</Extensions>
    </Filter>
    <Filter Include="Classes">
      <UniqueIdentifier>{010f708d-af17-494e-a1ea-6658865b4184}</UniqueIdentifier>
    </Filter>
    <Filter Include="Classes\sql">
      <UniqueIdentifier>{a3e33591-c400-4b2c-8c93-a03079c91f6e}</UniqueIdentifier>
    </Filter>
  </ItemGroup>
  <ItemGroup>
    <ClCompile Include="dllmain.cpp">
      <Filter>源文件</Filter>
    </ClCompile>
    <ClCompile Include="Classes\AppDelegate.cpp">
      <Filter>Classes</Filter>
    </ClCompile>
    <ClCompile Include="Classes\ConfigParser.cpp">
      <Filter>Classes</Filter>
    </ClCompile>
    <ClCompile Include="Classes\LogSystem.cpp">
      <Filter>Classes</Filter>
    </ClCompile>
    <ClCompile Include="Classes\MapTileInfo.cpp">
      <Filter>Classes</Filter>
    </ClCompile>
    <ClCompile Include="Classes\MirTileMap.cpp">
      <Filter>Classes</Filter>
    </ClCompile>
    <ClCompile Include="Classes\ODClient.cpp">
      <Filter>Classes</Filter>
    </ClCompile>
    <ClCompile Include="Classes\ODServer.cpp">
      <Filter>Classes</Filter>
    </ClCompile>
    <ClCompile Include="Classes\ODSocket.cpp">
      <Filter>Classes</Filter>
    </ClCompile>
    <ClCompile Include="Classes\SQLiter.cpp">
      <Filter>Classes</Filter>
    </ClCompile>
    <ClCompile Include="Classes\VisibleRect.cpp">
      <Filter>Classes</Filter>
    </ClCompile>
    <ClCompile Include="Classes\SqlLite\sqlite3.c">
      <Filter>Classes\sql</Filter>
    </ClCompile>
    <ClCompile Include="API.cpp">
      <Filter>源文件</Filter>
    </ClCompile>
    <ClCompile Include="Classes\SqlLite\shell.c">
      <Filter>Classes\sql</Filter>
    </ClCompile>
  </ItemGroup>
  <ItemGroup>
    <ClInclude Include="Classes\AppDelegate.h">
      <Filter>Classes</Filter>
    </ClInclude>
    <ClInclude Include="Classes\ConfigParser.h">
      <Filter>Classes</Filter>
    </ClInclude>
    <ClInclude Include="Classes\LogSystem.h">
      <Filter>Classes</Filter>
    </ClInclude>
    <ClInclude Include="Classes\MapTileInfo.h">
      <Filter>Classes</Filter>
    </ClInclude>
    <ClInclude Include="Classes\MirTileMap.h">
      <Filter>Classes</Filter>
    </ClInclude>
    <ClInclude Include="Classes\ODClient.h">
      <Filter>Classes</Filter>
    </ClInclude>
    <ClInclude Include="Classes\ODServer.h">
      <Filter>Classes</Filter>
    </ClInclude>
    <ClInclude Include="Classes\ODSocket.h">
      <Filter>Classes</Filter>
    </ClInclude>
    <ClInclude Include="Classes\SQLiter.h">
      <Filter>Classes</Filter>
    </ClInclude>
    <ClInclude Include="Classes\VisibleRect.h">
      <Filter>Classes</Filter>
    </ClInclude>
    <ClInclude Include="Classes\SqlLite\sqlite3.h">
      <Filter>Classes\sql</Filter>
    </ClInclude>
    <ClInclude Include="Classes\SqlLite\sqlite3ext.h">
      <Filter>Classes\sql</Filter>
    </ClInclude>
    <ClInclude Include="API.h">
      <Filter>头文件</Filter>
    </ClInclude>
  </ItemGroup>
</Project>